// !$*UTF8*$!
{
	archiveVersion = 1;
	classes = {
	};
	objectVersion = 51;
	objects = {

/* Begin PBXBuildFile section */
		5F8B0F8F06791651DAB024B3 /* Pods_Uala_iOS.framework in Frameworks */ = {isa = PBXBuildFile; fileRef = 3B454D4A3A1CD0A22E83FEE8 /* Pods_Uala_iOS.framework */; };
		D934627422EC87AD0035CE86 /* NetworkingManager.swift in Sources */ = {isa = PBXBuildFile; fileRef = D934627322EC87AD0035CE86 /* NetworkingManager.swift */; };
		D934627622EC8ADC0035CE86 /* BooksManager.swift in Sources */ = {isa = PBXBuildFile; fileRef = D934627522EC8ADC0035CE86 /* BooksManager.swift */; };
		D934627822EC8AF20035CE86 /* Book.swift in Sources */ = {isa = PBXBuildFile; fileRef = D934627722EC8AF10035CE86 /* Book.swift */; };
		D9A1B96F22EC855F00753EC4 /* AppDelegate.swift in Sources */ = {isa = PBXBuildFile; fileRef = D9A1B96E22EC855F00753EC4 /* AppDelegate.swift */; };
		D9A1B97122EC855F00753EC4 /* BooksListViewController.swift in Sources */ = {isa = PBXBuildFile; fileRef = D9A1B97022EC855F00753EC4 /* BooksListViewController.swift */; };
		D9A1B97422EC855F00753EC4 /* Main.storyboard in Resources */ = {isa = PBXBuildFile; fileRef = D9A1B97222EC855F00753EC4 /* Main.storyboard */; };
		D9A1B97622EC856000753EC4 /* Assets.xcassets in Resources */ = {isa = PBXBuildFile; fileRef = D9A1B97522EC856000753EC4 /* Assets.xcassets */; };
		D9A1B97922EC856000753EC4 /* LaunchScreen.storyboard in Resources */ = {isa = PBXBuildFile; fileRef = D9A1B97722EC856000753EC4 /* LaunchScreen.storyboard */; };
/* End PBXBuildFile section */

/* Begin PBXFileReference section */
		3B454D4A3A1CD0A22E83FEE8 /* Pods_Uala_iOS.framework */ = {isa = PBXFileReference; explicitFileType = wrapper.framework; includeInIndex = 0; path = Pods_Uala_iOS.framework; sourceTree = BUILT_PRODUCTS_DIR; };
		CBE8485543BB4A37EB0006DB /* Pods-Uala-iOS.release.xcconfig */ = {isa = PBXFileReference; includeInIndex = 1; lastKnownFileType = text.xcconfig; name = "Pods-Uala-iOS.release.xcconfig"; path = "Target Support Files/Pods-Uala-iOS/Pods-Uala-iOS.release.xcconfig"; sourceTree = "<group>"; };
		D934627322EC87AD0035CE86 /* NetworkingManager.swift */ = {isa = PBXFileReference; lastKnownFileType = sourcecode.swift; path = NetworkingManager.swift; sourceTree = "<group>"; };
		D934627522EC8ADC0035CE86 /* BooksManager.swift */ = {isa = PBXFileReference; lastKnownFileType = sourcecode.swift; path = BooksManager.swift; sourceTree = "<group>"; };
		D934627722EC8AF10035CE86 /* Book.swift */ = {isa = PBXFileReference; lastKnownFileType = sourcecode.swift; path = Book.swift; sourceTree = "<group>"; };
		D9A1B96B22EC855F00753EC4 /* Uala-iOS.app */ = {isa = PBXFileReference; explicitFileType = wrapper.application; includeInIndex = 0; path = "Uala-iOS.app"; sourceTree = BUILT_PRODUCTS_DIR; };
		D9A1B96E22EC855F00753EC4 /* AppDelegate.swift */ = {isa = PBXFileReference; lastKnownFileType = sourcecode.swift; path = AppDelegate.swift; sourceTree = "<group>"; };
		D9A1B97022EC855F00753EC4 /* BooksListViewController.swift */ = {isa = PBXFileReference; lastKnownFileType = sourcecode.swift; path = BooksListViewController.swift; sourceTree = "<group>"; };
		D9A1B97322EC855F00753EC4 /* Base */ = {isa = PBXFileReference; lastKnownFileType = file.storyboard; name = Base; path = Base.lproj/Main.storyboard; sourceTree = "<group>"; };
		D9A1B97522EC856000753EC4 /* Assets.xcassets */ = {isa = PBXFileReference; lastKnownFileType = folder.assetcatalog; path = Assets.xcassets; sourceTree = "<group>"; };
		D9A1B97822EC856000753EC4 /* Base */ = {isa = PBXFileReference; lastKnownFileType = file.storyboard; name = Base; path = Base.lproj/LaunchScreen.storyboard; sourceTree = "<group>"; };
		D9A1B97A22EC856000753EC4 /* Info.plist */ = {isa = PBXFileReference; lastKnownFileType = text.plist.xml; path = Info.plist; sourceTree = "<group>"; };
		E80685A2B68DFED35BDC1D8E /* Pods-Uala-iOS.debug.xcconfig */ = {isa = PBXFileReference; includeInIndex = 1; lastKnownFileType = text.xcconfig; name = "Pods-Uala-iOS.debug.xcconfig"; path = "Target Support Files/Pods-Uala-iOS/Pods-Uala-iOS.debug.xcconfig"; sourceTree = "<group>"; };
/* End PBXFileReference section */

/* Begin PBXFrameworksBuildPhase section */
		D9A1B96822EC855F00753EC4 /* Frameworks */ = {
			isa = PBXFrameworksBuildPhase;
			buildActionMask = 2147483647;
			files = (
				5F8B0F8F06791651DAB024B3 /* Pods_Uala_iOS.framework in Frameworks */,
			);
			runOnlyForDeploymentPostprocessing = 0;
		};
/* End PBXFrameworksBuildPhase section */

/* Begin PBXGroup section */
		D0CDF4FCB65BD051389191DE /* Frameworks */ = {
			isa = PBXGroup;
			children = (
				3B454D4A3A1CD0A22E83FEE8 /* Pods_Uala_iOS.framework */,
			);
			name = Frameworks;
			sourceTree = "<group>";
		};
		D33F7EDF4A9BA776F9108B42 /* Pods */ = {
			isa = PBXGroup;
			children = (
				E80685A2B68DFED35BDC1D8E /* Pods-Uala-iOS.debug.xcconfig */,
				CBE8485543BB4A37EB0006DB /* Pods-Uala-iOS.release.xcconfig */,
			);
			path = Pods;
			sourceTree = "<group>";
		};
		D9A1B96222EC855F00753EC4 = {
			isa = PBXGroup;
			children = (
				D9A1B96D22EC855F00753EC4 /* Uala-iOS */,
				D9A1B96C22EC855F00753EC4 /* Products */,
				D33F7EDF4A9BA776F9108B42 /* Pods */,
				D0CDF4FCB65BD051389191DE /* Frameworks */,
			);
			sourceTree = "<group>";
		};
		D9A1B96C22EC855F00753EC4 /* Products */ = {
			isa = PBXGroup;
			children = (
				D9A1B96B22EC855F00753EC4 /* Uala-iOS.app */,
			);
			name = Products;
			sourceTree = "<group>";
		};
		D9A1B96D22EC855F00753EC4 /* Uala-iOS */ = {
			isa = PBXGroup;
			children = (
				D9A1B96E22EC855F00753EC4 /* AppDelegate.swift */,
				D9A1B97022EC855F00753EC4 /* BooksListViewController.swift */,
				D9A1B97222EC855F00753EC4 /* Main.storyboard */,
				D9A1B97522EC856000753EC4 /* Assets.xcassets */,
				D9A1B97722EC856000753EC4 /* LaunchScreen.storyboard */,
				D9A1B97A22EC856000753EC4 /* Info.plist */,
				D934627322EC87AD0035CE86 /* NetworkingManager.swift */,
				D934627522EC8ADC0035CE86 /* BooksManager.swift */,
				D934627722EC8AF10035CE86 /* Book.swift */,
			);
			path = "Uala-iOS";
			sourceTree = "<group>";
		};
/* End PBXGroup section */

/* Begin PBXNativeTarget section */
		D9A1B96A22EC855F00753EC4 /* Uala-iOS */ = {
			isa = PBXNativeTarget;
			buildConfigurationList = D9A1B97D22EC856000753EC4 /* Build configuration list for PBXNativeTarget "Uala-iOS" */;
			buildPhases = (
				98E026646674BF979984287D /* [CP] Check Pods Manifest.lock */,
				D9A1B96722EC855F00753EC4 /* Sources */,
				D9A1B96822EC855F00753EC4 /* Frameworks */,
				D9A1B96922EC855F00753EC4 /* Resources */,
				88D3A60026007CD01ACEBC4D /* [CP] Embed Pods Frameworks */,
			);
			buildRules = (
			);
			dependencies = (
			);
			name = "Uala-iOS";
			productName = "Uala-iOS";
			productReference = D9A1B96B22EC855F00753EC4 /* Uala-iOS.app */;
			productType = "com.apple.product-type.application";
		};
/* End PBXNativeTarget section */

/* Begin PBXProject section */
		D9A1B96322EC855F00753EC4 /* Project object */ = {
			isa = PBXProject;
			attributes = {
				LastSwiftUpdateCheck = 1020;
				LastUpgradeCheck = 1020;
				ORGANIZATIONNAME = "Josefina Perez";
				TargetAttributes = {
					D9A1B96A22EC855F00753EC4 = {
						CreatedOnToolsVersion = 10.2.1;
					};
				};
			};
			buildConfigurationList = D9A1B96622EC855F00753EC4 /* Build configuration list for PBXProject "Uala-iOS" */;
			compatibilityVersion = "Xcode 9.3";
			developmentRegion = en;
			hasScannedForEncodings = 0;
			knownRegions = (
				en,
				Base,
			);
			mainGroup = D9A1B96222EC855F00753EC4;
			productRefGroup = D9A1B96C22EC855F00753EC4 /* Products */;
			projectDirPath = "";
			projectRoot = "";
			targets = (
				D9A1B96A22EC855F00753EC4 /* Uala-iOS */,
			);
		};
/* End PBXProject section */

/* Begin PBXResourcesBuildPhase section */
		D9A1B96922EC855F00753EC4 /* Resources */ = {
			isa = PBXResourcesBuildPhase;
			buildActionMask = 2147483647;
			files = (
				D9A1B97922EC856000753EC4 /* LaunchScreen.storyboard in Resources */,
				D9A1B97622EC856000753EC4 /* Assets.xcassets in Resources */,
				D9A1B97422EC855F00753EC4 /* Main.storyboard in Resources */,
			);
			runOnlyForDeploymentPostprocessing = 0;
		};
/* End PBXResourcesBuildPhase section */

/* Begin PBXShellScriptBuildPhase section */
		88D3A60026007CD01ACEBC4D /* [CP] Embed Pods Frameworks */ = {
			isa = PBXShellScriptBuildPhase;
			buildActionMask = 2147483647;
			files = (
			);
			inputFileListPaths = (
				"${PODS_ROOT}/Target Support Files/Pods-Uala-iOS/Pods-Uala-iOS-frameworks-${CONFIGURATION}-input-files.xcfilelist",
			);
			name = "[CP] Embed Pods Frameworks";
			outputFileListPaths = (
				"${PODS_ROOT}/Target Support Files/Pods-Uala-iOS/Pods-Uala-iOS-frameworks-${CONFIGURATION}-output-files.xcfilelist",
			);
			runOnlyForDeploymentPostprocessing = 0;
			shellPath = /bin/sh;
			shellScript = "\"${PODS_ROOT}/Target Support Files/Pods-Uala-iOS/Pods-Uala-iOS-frameworks.sh\"\n";
			showEnvVarsInLog = 0;
		};
		98E026646674BF979984287D /* [CP] Check Pods Manifest.lock */ = {
			isa = PBXShellScriptBuildPhase;
			buildActionMask = 2147483647;
			files = (
			);
			inputFileListPaths = (
			);
			inputPaths = (
				"${PODS_PODFILE_DIR_PATH}/Podfile.lock",
				"${PODS_ROOT}/Manifest.lock",
			);
			name = "[CP] Check Pods Manifest.lock";
			outputFileListPaths = (
			);
			outputPaths = (
				"$(DERIVED_FILE_DIR)/Pods-Uala-iOS-checkManifestLockResult.txt",
			);
			runOnlyForDeploymentPostprocessing = 0;
			shellPath = /bin/sh;
			shellScript = "diff \"${PODS_PODFILE_DIR_PATH}/Podfile.lock\" \"${PODS_ROOT}/Manifest.lock\" > /dev/null\nif [ $? != 0 ] ; then\n    # print error to STDERR\n    echo \"error: The sandbox is not in sync with the Podfile.lock. Run 'pod install' or update your CocoaPods installation.\" >&2\n    exit 1\nfi\n# This output is used by Xcode 'outputs' to avoid re-running this script phase.\necho \"SUCCESS\" > \"${SCRIPT_OUTPUT_FILE_0}\"\n";
			showEnvVarsInLog = 0;
		};
/* End PBXShellScriptBuildPhase section */

/* Begin PBXSourcesBuildPhase section */
		D9A1B96722EC855F00753EC4 /* Sources */ = {
			isa = PBXSourcesBuildPhase;
			buildActionMask = 2147483647;
			files = (
				D934627422EC87AD0035CE86 /* NetworkingManager.swift in Sources */,
				D9A1B97122EC855F00753EC4 /* BooksListViewController.swift in Sources */,
				D934627622EC8ADC0035CE86 /* BooksManager.swift in Sources */,
				D934627822EC8AF20035CE86 /* Book.swift in Sources */,
				D9A1B96F22EC855F00753EC4 /* AppDelegate.swift in Sources */,
			);
			runOnlyForDeploymentPostprocessing = 0;
		};
/* End PBXSourcesBuildPhase section */

/* Begin PBXVariantGroup section */
		D9A1B97222EC855F00753EC4 /* Main.storyboard */ = {
			isa = PBXVariantGroup;
			children = (
				D9A1B97322EC855F00753EC4 /* Base */,
			);
			name = Main.storyboard;
			sourceTree = "<group>";
		};
		D9A1B97722EC856000753EC4 /* LaunchScreen.storyboard */ = {
			isa = PBXVariantGroup;
			children = (
				D9A1B97822EC856000753EC4 /* Base */,
			);
			name = LaunchScreen.storyboard;
			sourceTree = "<group>";
		};
/* End PBXVariantGroup section */

/* Begin XCBuildConfiguration section */
		D9A1B97B22EC856000753EC4 /* Debug */ = {
			isa = XCBuildConfiguration;
			buildSettings = {
				ALWAYS_SEARCH_USER_PATHS = NO;
				CLANG_ANALYZER_NONNULL = YES;
				CLANG_ANALYZER_NUMBER_OBJECT_CONVERSION = YES_AGGRESSIVE;
				CLANG_CXX_LANGUAGE_STANDARD = "gnu++14";
				CLANG_CXX_LIBRARY = "libc++";
				CLANG_ENABLE_MODULES = YES;
				CLANG_ENABLE_OBJC_ARC = YES;
				CLANG_ENABLE_OBJC_WEAK = YES;
				CLANG_WARN_BLOCK_CAPTURE_AUTORELEASING = YES;
				CLANG_WARN_BOOL_CONVERSION = YES;
				CLANG_WARN_COMMA = YES;
				CLANG_WARN_CONSTANT_CONVERSION = YES;
				CLANG_WARN_DEPRECATED_OBJC_IMPLEMENTATIONS = YES;
				CLANG_WARN_DIRECT_OBJC_ISA_USAGE = YES_ERROR;
				CLANG_WARN_DOCUMENTATION_COMMENTS = YES;
				CLANG_WARN_EMPTY_BODY = YES;
				CLANG_WARN_ENUM_CONVERSION = YES;
				CLANG_WARN_INFINITE_RECURSION = YES;
				CLANG_WARN_INT_CONVERSION = YES;
				CLANG_WARN_NON_LITERAL_NULL_CONVERSION = YES;
				CLANG_WARN_OBJC_IMPLICIT_RETAIN_SELF = YES;
				CLANG_WARN_OBJC_LITERAL_CONVERSION = YES;
				CLANG_WARN_OBJC_ROOT_CLASS = YES_ERROR;
				CLANG_WARN_RANGE_LOOP_ANALYSIS = YES;
				CLANG_WARN_STRICT_PROTOTYPES = YES;
				CLANG_WARN_SUSPICIOUS_MOVE = YES;
				CLANG_WARN_UNGUARDED_AVAILABILITY = YES_AGGRESSIVE;
				CLANG_WARN_UNREACHABLE_CODE = YES;
				CLANG_WARN__DUPLICATE_METHOD_MATCH = YES;
				CODE_SIGN_IDENTITY = "iPhone Developer";
				COPY_PHASE_STRIP = NO;
				DEBUG_INFORMATION_FORMAT = dwarf;
				ENABLE_STRICT_OBJC_MSGSEND = YES;
				ENABLE_TESTABILITY = YES;
				GCC_C_LANGUAGE_STANDARD = gnu11;
				GCC_DYNAMIC_NO_PIC = NO;
				GCC_NO_COMMON_BLOCKS = YES;
				GCC_OPTIMIZATION_LEVEL = 0;
				GCC_PREPROCESSOR_DEFINITIONS = (
					"DEBUG=1",
					"$(inherited)",
				);
				GCC_WARN_64_TO_32_BIT_CONVERSION = YES;
				GCC_WARN_ABOUT_RETURN_TYPE = YES_ERROR;
				GCC_WARN_UNDECLARED_SELECTOR = YES;
				GCC_WARN_UNINITIALIZED_AUTOS = YES_AGGRESSIVE;
				GCC_WARN_UNUSED_FUNCTION = YES;
				GCC_WARN_UNUSED_VARIABLE = YES;
				IPHONEOS_DEPLOYMENT_TARGET = 12.2;
				MTL_ENABLE_DEBUG_INFO = INCLUDE_SOURCE;
				MTL_FAST_MATH = YES;
				ONLY_ACTIVE_ARCH = YES;
				SDKROOT = iphoneos;
				SWIFT_ACTIVE_COMPILATION_CONDITIONS = DEBUG;
				SWIFT_OPTIMIZATION_LEVEL = "-Onone";
			};
			name = Debug;
		};
		D9A1B97C22EC856000753EC4 /* Release */ = {
			isa = XCBuildConfiguration;
			buildSettings = {
				ALWAYS_SEARCH_USER_PATHS = NO;
				CLANG_ANALYZER_NONNULL = YES;
				CLANG_ANALYZER_NUMBER_OBJECT_CONVERSION = YES_AGGRESSIVE;
				CLANG_CXX_LANGUAGE_STANDARD = "gnu++14";
				CLANG_CXX_LIBRARY = "libc++";
				CLANG_ENABLE_MODULES = YES;
				CLANG_ENABLE_OBJC_ARC = YES;
				CLANG_ENABLE_OBJC_WEAK = YES;
				CLANG_WARN_BLOCK_CAPTURE_AUTORELEASING = YES;
				CLANG_WARN_BOOL_CONVERSION = YES;
				CLANG_WARN_COMMA = YES;
				CLANG_WARN_CONSTANT_CONVERSION = YES;
				CLANG_WARN_DEPRECATED_OBJC_IMPLEMENTATIONS = YES;
				CLANG_WARN_DIRECT_OBJC_ISA_USAGE = YES_ERROR;
				CLANG_WARN_DOCUMENTATION_COMMENTS = YES;
				CLANG_WARN_EMPTY_BODY = YES;
				CLANG_WARN_ENUM_CONVERSION = YES;
				CLANG_WARN_INFINITE_RECURSION = YES;
				CLANG_WARN_INT_CONVERSION = YES;
				CLANG_WARN_NON_LITERAL_NULL_CONVERSION = YES;
				CLANG_WARN_OBJC_IMPLICIT_RETAIN_SELF = YES;
				CLANG_WARN_OBJC_LITERAL_CONVERSION = YES;
				CLANG_WARN_OBJC_ROOT_CLASS = YES_ERROR;
				CLANG_WARN_RANGE_LOOP_ANALYSIS = YES;
				CLANG_WARN_STRICT_PROTOTYPES = YES;
				CLANG_WARN_SUSPICIOUS_MOVE = YES;
				CLANG_WARN_UNGUARDED_AVAILABILITY = YES_AGGRESSIVE;
				CLANG_WARN_UNREACHABLE_CODE = YES;
				CLANG_WARN__DUPLICATE_METHOD_MATCH = YES;
				CODE_SIGN_IDENTITY = "iPhone Developer";
				COPY_PHASE_STRIP = NO;
				DEBUG_INFORMATION_FORMAT = "dwarf-with-dsym";
				ENABLE_NS_ASSERTIONS = NO;
				ENABLE_STRICT_OBJC_MSGSEND = YES;
				GCC_C_LANGUAGE_STANDARD = gnu11;
				GCC_NO_COMMON_BLOCKS = YES;
				GCC_WARN_64_TO_32_BIT_CONVERSION = YES;
				GCC_WARN_ABOUT_RETURN_TYPE = YES_ERROR;
				GCC_WARN_UNDECLARED_SELECTOR = YES;
				GCC_WARN_UNINITIALIZED_AUTOS = YES_AGGRESSIVE;
				GCC_WARN_UNUSED_FUNCTION = YES;
				GCC_WARN_UNUSED_VARIABLE = YES;
				IPHONEOS_DEPLOYMENT_TARGET = 12.2;
				MTL_ENABLE_DEBUG_INFO = NO;
				MTL_FAST_MATH = YES;
				SDKROOT = iphoneos;
				SWIFT_COMPILATION_MODE = wholemodule;
				SWIFT_OPTIMIZATION_LEVEL = "-O";
				VALIDATE_PRODUCT = YES;
			};
			name = Release;
		};
		D9A1B97E22EC856000753EC4 /* Debug */ = {
			isa = XCBuildConfiguration;
			baseConfigurationReference = E80685A2B68DFED35BDC1D8E /* Pods-Uala-iOS.debug.xcconfig */;
			buildSettings = {
				ASSETCATALOG_COMPILER_APPICON_NAME = AppIcon;
				CODE_SIGN_STYLE = Manual;
				DEVELOPMENT_TEAM = "";
				INFOPLIST_FILE = "Uala-iOS/Info.plist";
				LD_RUNPATH_SEARCH_PATHS = (
					"$(inherited)",
					"@executable_path/Frameworks",
				);
				PRODUCT_BUNDLE_IDENTIFIER = "josefina.Uala-iOS";
				PRODUCT_NAME = "$(TARGET_NAME)";
				PROVISIONING_PROFILE_SPECIFIER = "";
				SWIFT_VERSION = 5.0;
				TARGETED_DEVICE_FAMILY = "1,2";
			};
			name = Debug;
		};
		D9A1B97F22EC856000753EC4 /* Release */ = {
			isa = XCBuildConfiguration;
			baseConfigurationReference = CBE8485543BB4A37EB0006DB /* Pods-Uala-iOS.release.xcconfig */;
			buildSettings = {
				ASSETCATALOG_COMPILER_APPICON_NAME = AppIcon;
				CODE_SIGN_STYLE = Manual;
				DEVELOPMENT_TEAM = "";
				INFOPLIST_FILE = "Uala-iOS/Info.plist";
				LD_RUNPATH_SEARCH_PATHS = (
					"$(inherited)",
					"@executable_path/Frameworks",
				);
				PRODUCT_BUNDLE_IDENTIFIER = "josefina.Uala-iOS";
				PRODUCT_NAME = "$(TARGET_NAME)";
				PROVISIONING_PROFILE_SPECIFIER = "";
				SWIFT_VERSION = 5.0;
				TARGETED_DEVICE_FAMILY = "1,2";
			};
			name = Release;
		};
/* End XCBuildConfiguration section */

/* Begin XCConfigurationList section */
		D9A1B96622EC855F00753EC4 /* Build configuration list for PBXProject "Uala-iOS" */ = {
			isa = XCConfigurationList;
			buildConfigurations = (
				D9A1B97B22EC856000753EC4 /* Debug */,
				D9A1B97C22EC856000753EC4 /* Release */,
			);
			defaultConfigurationIsVisible = 0;
			defaultConfigurationName = Release;
		};
		D9A1B97D22EC856000753EC4 /* Build configuration list for PBXNativeTarget "Uala-iOS" */ = {
			isa = XCConfigurationList;
			buildConfigurations = (
				D9A1B97E22EC856000753EC4 /* Debug */,
				D9A1B97F22EC856000753EC4 /* Release */,
			);
			defaultConfigurationIsVisible = 0;
			defaultConfigurationName = Release;
		};
/* End XCConfigurationList section */
	};
	rootObject = D9A1B96322EC855F00753EC4 /* Project object */;
}
